Microsoft Visual Studio Solution File, Format Version 11.00
# Visual Studio 2008

Project("{CE45C097-A69A-1D88-0A55-0356829231B0}") = "Priests-and-Devils-v2", "Assembly-CSharp.csproj", "{BD21A1AA-4F6F-5F4F-A091-72AEAE6AB8C7}"
EndProject
Global
	GlobalSection(SolutionConfigurationPlatforms) = preSolution
		Debug|Any CPU = Debug|Any CPU
		Release|Any CPU = Release|Any CPU
	EndGlobalSection
	GlobalSection(ProjectConfigurationPlatforms) = postSolution
		{BD21A1AA-4F6F-5F4F-A091-72AEAE6AB8C7}.Debug|Any CPU.ActiveCfg = Debug|Any CPU
		{BD21A1AA-4F6F-5F4F-A091-72AEAE6AB8C7}.Debug|Any CPU.Build.0 = Debug|Any CPU
		{BD21A1AA-4F6F-5F4F-A091-72AEAE6AB8C7}.Release|Any CPU.ActiveCfg = Release|Any CPU
		{BD21A1AA-4F6F-5F4F-A091-72AEAE6AB8C7}.Release|Any CPU.Build.0 = Release|Any CPU
	EndGlobalSection
	GlobalSection(SolutionProperties) = preSolution
		HideSolutionNode = FALSE
	EndGlobalSection
	GlobalSection(MonoDevelopProperties) = preSolution
		StartupItem = Assembly-CSharp.csproj
	EndGlobalSection
EndGlobal
